
Microsoft Visual Studio Solution File, Format Version 12.00
# Visual Studio Version 17
VisualStudioVersion = 17.13.35825.156
MinimumVisualStudioVersion = 10.0.40219.1
Project("{FAE04EC0-301F-11D3-BF4B-00C04F79EFBC}") = "Auto1040.Api", "Auto1040.Api\Auto1040.Api.csproj", "{F399F3D7-D6EA-4FDF-A7B2-06649C00ADD5}"
EndProject
Project("{FAE04EC0-301F-11D3-BF4B-00C04F79EFBC}") = "Auto1040.Data", "Auto1040.Data\Auto1040.Data.csproj", "{47857966-80A6-4A40-A01F-542E6BACB7BF}"
EndProject
Project("{FAE04EC0-301F-11D3-BF4B-00C04F79EFBC}") = "Auto1040.Core", "Auto1040.Core\Auto1040.Core.csproj", "{71E13A49-A0D1-4A5F-8E6E-8A419276FCB8}"
EndProject
Project("{FAE04EC0-301F-11D3-BF4B-00C04F79EFBC}") = "Auto1040.Service", "Auto1040.Service\Auto1040.Service.csproj", "{0AAE69AF-2EB1-476F-BA5C-A1DD028D6FE9}"
EndProject
Global
	GlobalSection(SolutionConfigurationPlatforms) = preSolution
		Debug|Any CPU = Debug|Any CPU
		Release|Any CPU = Release|Any CPU
	EndGlobalSection
	GlobalSection(ProjectConfigurationPlatforms) = postSolution
		{F399F3D7-D6EA-4FDF-A7B2-06649C00ADD5}.Debug|Any CPU.ActiveCfg = Debug|Any CPU
		{F399F3D7-D6EA-4FDF-A7B2-06649C00ADD5}.Debug|Any CPU.Build.0 = Debug|Any CPU
		{F399F3D7-D6EA-4FDF-A7B2-06649C00ADD5}.Release|Any CPU.ActiveCfg = Release|Any CPU
		{F399F3D7-D6EA-4FDF-A7B2-06649C00ADD5}.Release|Any CPU.Build.0 = Release|Any CPU
		{47857966-80A6-4A40-A01F-542E6BACB7BF}.Debug|Any CPU.ActiveCfg = Debug|Any CPU
		{47857966-80A6-4A40-A01F-542E6BACB7BF}.Debug|Any CPU.Build.0 = Debug|Any CPU
		{47857966-80A6-4A40-A01F-542E6BACB7BF}.Release|Any CPU.ActiveCfg = Release|Any CPU
		{47857966-80A6-4A40-A01F-542E6BACB7BF}.Release|Any CPU.Build.0 = Release|Any CPU
		{71E13A49-A0D1-4A5F-8E6E-8A419276FCB8}.Debug|Any CPU.ActiveCfg = Debug|Any CPU
		{71E13A49-A0D1-4A5F-8E6E-8A419276FCB8}.Debug|Any CPU.Build.0 = Debug|Any CPU
		{71E13A49-A0D1-4A5F-8E6E-8A419276FCB8}.Release|Any CPU.ActiveCfg = Release|Any CPU
		{71E13A49-A0D1-4A5F-8E6E-8A419276FCB8}.Release|Any CPU.Build.0 = Release|Any CPU
		{0AAE69AF-2EB1-476F-BA5C-A1DD028D6FE9}.Debug|Any CPU.ActiveCfg = Debug|Any CPU
		{0AAE69AF-2EB1-476F-BA5C-A1DD028D6FE9}.Debug|Any CPU.Build.0 = Debug|Any CPU
		{0AAE69AF-2EB1-476F-BA5C-A1DD028D6FE9}.Release|Any CPU.ActiveCfg = Release|Any CPU
		{0AAE69AF-2EB1-476F-BA5C-A1DD028D6FE9}.Release|Any CPU.Build.0 = Release|Any CPU
	EndGlobalSection
	GlobalSection(SolutionProperties) = preSolution
		HideSolutionNode = FALSE
	EndGlobalSection
	GlobalSection(ExtensibilityGlobals) = postSolution
		SolutionGuid = {81408DAD-D8F5-4891-9F39-E4C3DC3330F6}
	EndGlobalSection
EndGlobal
